
Microsoft Visual Studio Solution File, Format Version 12.00
# Visual Studio 15
VisualStudioVersion = 15.0.28010.2016
MinimumVisualStudioVersion = 10.0.40219.1
Project("{FAE04EC0-301F-11D3-BF4B-00C04F79EFBC}") = "ToDo", "ToDo\ToDo.csproj", "{EA29FA57-D493-4072-BAD9-7EE34135E81E}"
EndProject
Global
	GlobalSection(SolutionConfigurationPlatforms) = preSolution
		Debug|Any CPU = Debug|Any CPU
		Release|Any CPU = Release|Any CPU
	EndGlobalSection
	GlobalSection(ProjectConfigurationPlatforms) = postSolution
		{EA29FA57-D493-4072-BAD9-7EE34135E81E}.Debug|Any CPU.ActiveCfg = Debug|Any CPU
		{EA29FA57-D493-4072-BAD9-7EE34135E81E}.Debug|Any CPU.Build.0 = Debug|Any CPU
		{EA29FA57-D493-4072-BAD9-7EE34135E81E}.Release|Any CPU.ActiveCfg = Release|Any CPU
		{EA29FA57-D493-4072-BAD9-7EE34135E81E}.Release|Any CPU.Build.0 = Release|Any CPU
	EndGlobalSection
	GlobalSection(SolutionProperties) = preSolution
		HideSolutionNode = FALSE
	EndGlobalSection
	GlobalSection(ExtensibilityGlobals) = postSolution
		SolutionGuid = {52E487FD-4653-42C2-8C07-131351A8FBB5}
	EndGlobalSection
EndGlobal
